
Microsoft Visual Studio Solution File, Format Version 12.00
# Visual Studio Version 16
VisualStudioVersion = 16.0.808.9
MinimumVisualStudioVersion = 10.0.40219.1
Project("{FAE04EC0-301F-11D3-BF4B-00C04F79EFBC}") = "Quebec49", "Quebec49\Quebec49.csproj", "{50132C33-039A-472A-9822-4DA51FD28284}"
EndProject
Global
	GlobalSection(SolutionConfigurationPlatforms) = preSolution
		Debug|Any CPU = Debug|Any CPU
		Release|Any CPU = Release|Any CPU
	EndGlobalSection
	GlobalSection(ProjectConfigurationPlatforms) = postSolution
		{50132C33-039A-472A-9822-4DA51FD28284}.Debug|Any CPU.ActiveCfg = Debug|Any CPU
		{50132C33-039A-472A-9822-4DA51FD28284}.Debug|Any CPU.Build.0 = Debug|Any CPU
		{50132C33-039A-472A-9822-4DA51FD28284}.Release|Any CPU.ActiveCfg = Release|Any CPU
		{50132C33-039A-472A-9822-4DA51FD28284}.Release|Any CPU.Build.0 = Release|Any CPU
	EndGlobalSection
	GlobalSection(SolutionProperties) = preSolution
		HideSolutionNode = FALSE
	EndGlobalSection
	GlobalSection(ExtensibilityGlobals) = postSolution
		SolutionGuid = {2543258A-717F-409A-AF01-7F6F68C7A2EB}
	EndGlobalSection
EndGlobal
